// !$*UTF8*$!
{
	archiveVersion = 1;
	classes = {
	};
	objectVersion = 50;
	objects = {

/* Begin PBXBuildFile section */
		4EBA80A72454074800FC95C4 /* FindHub.swift in Sources */ = {isa = PBXBuildFile; fileRef = 4EBA80A62454074800FC95C4 /* FindHub.swift */; };
		4ED324352438776B00F867FF /* AppDelegate.swift in Sources */ = {isa = PBXBuildFile; fileRef = 4ED324342438776B00F867FF /* AppDelegate.swift */; };
		4ED324372438776B00F867FF /* SceneDelegate.swift in Sources */ = {isa = PBXBuildFile; fileRef = 4ED324362438776B00F867FF /* SceneDelegate.swift */; };
		4ED324392438776B00F867FF /* ViewController.swift in Sources */ = {isa = PBXBuildFile; fileRef = 4ED324382438776B00F867FF /* ViewController.swift */; };
		4ED3243C2438776B00F867FF /* Main.storyboard in Resources */ = {isa = PBXBuildFile; fileRef = 4ED3243A2438776B00F867FF /* Main.storyboard */; };
		4ED3243E2438777000F867FF /* Assets.xcassets in Resources */ = {isa = PBXBuildFile; fileRef = 4ED3243D2438777000F867FF /* Assets.xcassets */; };
		4ED324412438777000F867FF /* LaunchScreen.storyboard in Resources */ = {isa = PBXBuildFile; fileRef = 4ED3243F2438777000F867FF /* LaunchScreen.storyboard */; };
		4ED3244C2438777000F867FF /* Control_FunctionUITests.swift in Sources */ = {isa = PBXBuildFile; fileRef = 4ED3244B2438777000F867FF /* Control_FunctionUITests.swift */; };
		4ED3246024387E6500F867FF /* motor_func.swift in Sources */ = {isa = PBXBuildFile; fileRef = 4ED3245624387E6400F867FF /* motor_func.swift */; };
		4ED3246124387E6500F867FF /* WriteDirectModeData.swift in Sources */ = {isa = PBXBuildFile; fileRef = 4ED3245724387E6400F867FF /* WriteDirectModeData.swift */; };
		4ED3246224387E6500F867FF /* Port_Information.swift in Sources */ = {isa = PBXBuildFile; fileRef = 4ED3245824387E6400F867FF /* Port_Information.swift */; };
		4ED3246324387E6500F867FF /* custom_func.swift in Sources */ = {isa = PBXBuildFile; fileRef = 4ED3245924387E6400F867FF /* custom_func.swift */; };
		4ED3246424387E6500F867FF /* BTstructs.swift in Sources */ = {isa = PBXBuildFile; fileRef = 4ED3245A24387E6400F867FF /* BTstructs.swift */; };
		4ED3246524387E6500F867FF /* hub_func.swift in Sources */ = {isa = PBXBuildFile; fileRef = 4ED3245B24387E6400F867FF /* hub_func.swift */; };
		4ED3246624387E6500F867FF /* conversion_func.swift in Sources */ = {isa = PBXBuildFile; fileRef = 4ED3245C24387E6400F867FF /* conversion_func.swift */; };
		4ED3246724387E6500F867FF /* Gyro_func.swift in Sources */ = {isa = PBXBuildFile; fileRef = 4ED3245D24387E6500F867FF /* Gyro_func.swift */; };
		4ED3246824387E6500F867FF /* Hub_Structs.swift in Sources */ = {isa = PBXBuildFile; fileRef = 4ED3245E24387E6500F867FF /* Hub_Structs.swift */; };
		4ED3246924387E6500F867FF /* FindHub_ViewController.swift in Sources */ = {isa = PBXBuildFile; fileRef = 4ED3245F24387E6500F867FF /* FindHub_ViewController.swift */; };
		4ED3246B24387FCF00F867FF /* HubProperties.swift in Sources */ = {isa = PBXBuildFile; fileRef = 4ED3246A24387FCF00F867FF /* HubProperties.swift */; };
		4ED3246D24387FE400F867FF /* HubActions.swift in Sources */ = {isa = PBXBuildFile; fileRef = 4ED3246C24387FE400F867FF /* HubActions.swift */; };
		4ED3246F24387FFC00F867FF /* HubAlerts.swift in Sources */ = {isa = PBXBuildFile; fileRef = 4ED3246E24387FFC00F867FF /* HubAlerts.swift */; };
		4ED324712438801B00F867FF /* HubAttatchedIo.swift in Sources */ = {isa = PBXBuildFile; fileRef = 4ED324702438801B00F867FF /* HubAttatchedIo.swift */; };
		4ED324732438804600F867FF /* GenericErrorMessages.swift in Sources */ = {isa = PBXBuildFile; fileRef = 4ED324722438804600F867FF /* GenericErrorMessages.swift */; };
		4ED324752438807500F867FF /* PortInformationRequest.swift in Sources */ = {isa = PBXBuildFile; fileRef = 4ED324742438807500F867FF /* PortInformationRequest.swift */; };
		4ED32477243880A900F867FF /* PortInputFormatSetup(Single).swift in Sources */ = {isa = PBXBuildFile; fileRef = 4ED32476243880A900F867FF /* PortInputFormatSetup(Single).swift */; };
		4ED32479243880D200F867FF /* PortInputFormatSetup(CombinedMode).swift in Sources */ = {isa = PBXBuildFile; fileRef = 4ED32478243880D200F867FF /* PortInputFormatSetup(CombinedMode).swift */; };
		4ED3247B243880F400F867FF /* PortInformation.swift in Sources */ = {isa = PBXBuildFile; fileRef = 4ED3247A243880F400F867FF /* PortInformation.swift */; };
		4ED3247D2438810A00F867FF /* PortModeInformation.swift in Sources */ = {isa = PBXBuildFile; fileRef = 4ED3247C2438810A00F867FF /* PortModeInformation.swift */; };
		4ED3247F2438813400F867FF /* PortValue(Single).swift in Sources */ = {isa = PBXBuildFile; fileRef = 4ED3247E2438813400F867FF /* PortValue(Single).swift */; };
		4ED324812438815000F867FF /* PortValue(CombinedMode).swift in Sources */ = {isa = PBXBuildFile; fileRef = 4ED324802438815000F867FF /* PortValue(CombinedMode).swift */; };
		4ED324832438817400F867FF /* PortInputFormat(Single).swift in Sources */ = {isa = PBXBuildFile; fileRef = 4ED324822438817400F867FF /* PortInputFormat(Single).swift */; };
		4ED32485243881A100F867FF /* PortInputFormat(CombinedMode).swift in Sources */ = {isa = PBXBuildFile; fileRef = 4ED32484243881A100F867FF /* PortInputFormat(CombinedMode).swift */; };
		4ED324872438833700F867FF /* VirtualPortSetup.swift in Sources */ = {isa = PBXBuildFile; fileRef = 4ED324862438833700F867FF /* VirtualPortSetup.swift */; };
		4ED324892438834E00F867FF /* PortOutputCommand.swift in Sources */ = {isa = PBXBuildFile; fileRef = 4ED324882438834E00F867FF /* PortOutputCommand.swift */; };
		4ED3248B2438836D00F867FF /* PortOutputCommandFeedback.swift in Sources */ = {isa = PBXBuildFile; fileRef = 4ED3248A2438836D00F867FF /* PortOutputCommandFeedback.swift */; };
		4ED3248D2438D43400F867FF /* PortModeInformationRequest.swift in Sources */ = {isa = PBXBuildFile; fileRef = 4ED3248C2438D43300F867FF /* PortModeInformationRequest.swift */; };
/* End PBXBuildFile section */

/* Begin PBXContainerItemProxy section */
		4ED324482438777000F867FF /* PBXContainerItemProxy */ = {
			isa = PBXContainerItemProxy;
			containerPortal = 4ED324292438776B00F867FF /* Project object */;
			proxyType = 1;
			remoteGlobalIDString = 4ED324302438776B00F867FF;
			remoteInfo = "Control-Function";
		};
/* End PBXContainerItemProxy section */

/* Begin PBXFileReference section */
		4EBA80A62454074800FC95C4 /* FindHub.swift */ = {isa = PBXFileReference; lastKnownFileType = sourcecode.swift; path = FindHub.swift; sourceTree = "<group>"; };
		4ED324312438776B00F867FF /* Control-Function.app */ = {isa = PBXFileReference; explicitFileType = wrapper.application; includeInIndex = 0; path = "Control-Function.app"; sourceTree = BUILT_PRODUCTS_DIR; };
		4ED324342438776B00F867FF /* AppDelegate.swift */ = {isa = PBXFileReference; lastKnownFileType = sourcecode.swift; path = AppDelegate.swift; sourceTree = "<group>"; };
		4ED324362438776B00F867FF /* SceneDelegate.swift */ = {isa = PBXFileReference; lastKnownFileType = sourcecode.swift; path = SceneDelegate.swift; sourceTree = "<group>"; };
		4ED324382438776B00F867FF /* ViewController.swift */ = {isa = PBXFileReference; lastKnownFileType = sourcecode.swift; path = ViewController.swift; sourceTree = "<group>"; };
		4ED3243B2438776B00F867FF /* Base */ = {isa = PBXFileReference; lastKnownFileType = file.storyboard; name = Base; path = Base.lproj/Main.storyboard; sourceTree = "<group>"; };
		4ED3243D2438777000F867FF /* Assets.xcassets */ = {isa = PBXFileReference; lastKnownFileType = folder.assetcatalog; path = Assets.xcassets; sourceTree = "<group>"; };
		4ED324402438777000F867FF /* Base */ = {isa = PBXFileReference; lastKnownFileType = file.storyboard; name = Base; path = Base.lproj/LaunchScreen.storyboard; sourceTree = "<group>"; };
		4ED324422438777000F867FF /* Info.plist */ = {isa = PBXFileReference; lastKnownFileType = text.plist.xml; path = Info.plist; sourceTree = "<group>"; };
		4ED324472438777000F867FF /* Control-FunctionUITests.xctest */ = {isa = PBXFileReference; explicitFileType = wrapper.cfbundle; includeInIndex = 0; path = "Control-FunctionUITests.xctest"; sourceTree = BUILT_PRODUCTS_DIR; };
		4ED3244B2438777000F867FF /* Control_FunctionUITests.swift */ = {isa = PBXFileReference; lastKnownFileType = sourcecode.swift; path = Control_FunctionUITests.swift; sourceTree = "<group>"; };
		4ED3244D2438777000F867FF /* Info.plist */ = {isa = PBXFileReference; lastKnownFileType = text.plist.xml; path = Info.plist; sourceTree = "<group>"; };
		4ED3245624387E6400F867FF /* motor_func.swift */ = {isa = PBXFileReference; fileEncoding = 4; lastKnownFileType = sourcecode.swift; path = motor_func.swift; sourceTree = "<group>"; };
		4ED3245724387E6400F867FF /* WriteDirectModeData.swift */ = {isa = PBXFileReference; fileEncoding = 4; lastKnownFileType = sourcecode.swift; path = WriteDirectModeData.swift; sourceTree = "<group>"; };
		4ED3245824387E6400F867FF /* Port_Information.swift */ = {isa = PBXFileReference; fileEncoding = 4; lastKnownFileType = sourcecode.swift; path = Port_Information.swift; sourceTree = "<group>"; };
		4ED3245924387E6400F867FF /* custom_func.swift */ = {isa = PBXFileReference; fileEncoding = 4; lastKnownFileType = sourcecode.swift; path = custom_func.swift; sourceTree = "<group>"; };
		4ED3245A24387E6400F867FF /* BTstructs.swift */ = {isa = PBXFileReference; fileEncoding = 4; lastKnownFileType = sourcecode.swift; path = BTstructs.swift; sourceTree = "<group>"; };
		4ED3245B24387E6400F867FF /* hub_func.swift */ = {isa = PBXFileReference; fileEncoding = 4; lastKnownFileType = sourcecode.swift; path = hub_func.swift; sourceTree = "<group>"; };
		4ED3245C24387E6400F867FF /* conversion_func.swift */ = {isa = PBXFileReference; fileEncoding = 4; lastKnownFileType = sourcecode.swift; path = conversion_func.swift; sourceTree = "<group>"; };
		4ED3245D24387E6500F867FF /* Gyro_func.swift */ = {isa = PBXFileReference; fileEncoding = 4; lastKnownFileType = sourcecode.swift; path = Gyro_func.swift; sourceTree = "<group>"; };
		4ED3245E24387E6500F867FF /* Hub_Structs.swift */ = {isa = PBXFileReference; fileEncoding = 4; lastKnownFileType = sourcecode.swift; path = Hub_Structs.swift; sourceTree = "<group>"; };
		4ED3245F24387E6500F867FF /* FindHub_ViewController.swift */ = {isa = PBXFileReference; fileEncoding = 4; lastKnownFileType = sourcecode.swift; path = FindHub_ViewController.swift; sourceTree = "<group>"; };
		4ED3246A24387FCF00F867FF /* HubProperties.swift */ = {isa = PBXFileReference; lastKnownFileType = sourcecode.swift; path = HubProperties.swift; sourceTree = "<group>"; };
		4ED3246C24387FE400F867FF /* HubActions.swift */ = {isa = PBXFileReference; lastKnownFileType = sourcecode.swift; path = HubActions.swift; sourceTree = "<group>"; };
		4ED3246E24387FFC00F867FF /* HubAlerts.swift */ = {isa = PBXFileReference; lastKnownFileType = sourcecode.swift; path = HubAlerts.swift; sourceTree = "<group>"; };
		4ED324702438801B00F867FF /* HubAttatchedIo.swift */ = {isa = PBXFileReference; lastKnownFileType = sourcecode.swift; path = HubAttatchedIo.swift; sourceTree = "<group>"; };
		4ED324722438804600F867FF /* GenericErrorMessages.swift */ = {isa = PBXFileReference; lastKnownFileType = sourcecode.swift; path = GenericErrorMessages.swift; sourceTree = "<group>"; };
		4ED324742438807500F867FF /* PortInformationRequest.swift */ = {isa = PBXFileReference; lastKnownFileType = sourcecode.swift; path = PortInformationRequest.swift; sourceTree = "<group>"; };
		4ED32476243880A900F867FF /* PortInputFormatSetup(Single).swift */ = {isa = PBXFileReference; lastKnownFileType = sourcecode.swift; path = "PortInputFormatSetup(Single).swift"; sourceTree = "<group>"; };
		4ED32478243880D200F867FF /* PortInputFormatSetup(CombinedMode).swift */ = {isa = PBXFileReference; lastKnownFileType = sourcecode.swift; path = "PortInputFormatSetup(CombinedMode).swift"; sourceTree = "<group>"; };
		4ED3247A243880F400F867FF /* PortInformation.swift */ = {isa = PBXFileReference; lastKnownFileType = sourcecode.swift; path = PortInformation.swift; sourceTree = "<group>"; };
		4ED3247C2438810A00F867FF /* PortModeInformation.swift */ = {isa = PBXFileReference; lastKnownFileType = sourcecode.swift; path = PortModeInformation.swift; sourceTree = "<group>"; };
		4ED3247E2438813400F867FF /* PortValue(Single).swift */ = {isa = PBXFileReference; lastKnownFileType = sourcecode.swift; path = "PortValue(Single).swift"; sourceTree = "<group>"; };
		4ED324802438815000F867FF /* PortValue(CombinedMode).swift */ = {isa = PBXFileReference; lastKnownFileType = sourcecode.swift; path = "PortValue(CombinedMode).swift"; sourceTree = "<group>"; };
		4ED324822438817400F867FF /* PortInputFormat(Single).swift */ = {isa = PBXFileReference; lastKnownFileType = sourcecode.swift; path = "PortInputFormat(Single).swift"; sourceTree = "<group>"; };
		4ED32484243881A100F867FF /* PortInputFormat(CombinedMode).swift */ = {isa = PBXFileReference; lastKnownFileType = sourcecode.swift; path = "PortInputFormat(CombinedMode).swift"; sourceTree = "<group>"; };
		4ED324862438833700F867FF /* VirtualPortSetup.swift */ = {isa = PBXFileReference; lastKnownFileType = sourcecode.swift; path = VirtualPortSetup.swift; sourceTree = "<group>"; };
		4ED324882438834E00F867FF /* PortOutputCommand.swift */ = {isa = PBXFileReference; lastKnownFileType = sourcecode.swift; path = PortOutputCommand.swift; sourceTree = "<group>"; };
		4ED3248A2438836D00F867FF /* PortOutputCommandFeedback.swift */ = {isa = PBXFileReference; lastKnownFileType = sourcecode.swift; path = PortOutputCommandFeedback.swift; sourceTree = "<group>"; };
		4ED3248C2438D43300F867FF /* PortModeInformationRequest.swift */ = {isa = PBXFileReference; lastKnownFileType = sourcecode.swift; path = PortModeInformationRequest.swift; sourceTree = "<group>"; };
/* End PBXFileReference section */

/* Begin PBXFrameworksBuildPhase section */
		4ED3242E2438776B00F867FF /* Frameworks */ = {
			isa = PBXFrameworksBuildPhase;
			buildActionMask = 2147483647;
			files = (
			);
			runOnlyForDeploymentPostprocessing = 0;
		};
		4ED324442438777000F867FF /* Frameworks */ = {
			isa = PBXFrameworksBuildPhase;
			buildActionMask = 2147483647;
			files = (
			);
			runOnlyForDeploymentPostprocessing = 0;
		};
/* End PBXFrameworksBuildPhase section */

/* Begin PBXGroup section */
		4ED324282438776B00F867FF = {
			isa = PBXGroup;
			children = (
				4ED324332438776B00F867FF /* Control-Function */,
				4ED3244A2438777000F867FF /* Control-FunctionUITests */,
				4ED324322438776B00F867FF /* Products */,
			);
			sourceTree = "<group>";
		};
		4ED324322438776B00F867FF /* Products */ = {
			isa = PBXGroup;
			children = (
				4ED324312438776B00F867FF /* Control-Function.app */,
				4ED324472438777000F867FF /* Control-FunctionUITests.xctest */,
			);
			name = Products;
			sourceTree = "<group>";
		};
		4ED324332438776B00F867FF /* Control-Function */ = {
			isa = PBXGroup;
			children = (
				4ED324342438776B00F867FF /* AppDelegate.swift */,
				4ED3245C24387E6400F867FF /* conversion_func.swift */,
				4ED3245924387E6400F867FF /* custom_func.swift */,
				4ED3245A24387E6400F867FF /* BTstructs.swift */,
				4ED3245F24387E6500F867FF /* FindHub_ViewController.swift */,
				4EBA80A62454074800FC95C4 /* FindHub.swift */,
				4ED3245D24387E6500F867FF /* Gyro_func.swift */,
				4ED3245B24387E6400F867FF /* hub_func.swift */,
				4ED3245E24387E6500F867FF /* Hub_Structs.swift */,
				4ED3245624387E6400F867FF /* motor_func.swift */,
				4ED3245824387E6400F867FF /* Port_Information.swift */,
				4ED3246A24387FCF00F867FF /* HubProperties.swift */,
				4ED3246C24387FE400F867FF /* HubActions.swift */,
				4ED3246E24387FFC00F867FF /* HubAlerts.swift */,
				4ED324702438801B00F867FF /* HubAttatchedIo.swift */,
				4ED324722438804600F867FF /* GenericErrorMessages.swift */,
				4ED324742438807500F867FF /* PortInformationRequest.swift */,
				4ED3248C2438D43300F867FF /* PortModeInformationRequest.swift */,
				4ED32476243880A900F867FF /* PortInputFormatSetup(Single).swift */,
				4ED32478243880D200F867FF /* PortInputFormatSetup(CombinedMode).swift */,
				4ED3247A243880F400F867FF /* PortInformation.swift */,
				4ED3247C2438810A00F867FF /* PortModeInformation.swift */,
				4ED3247E2438813400F867FF /* PortValue(Single).swift */,
				4ED324802438815000F867FF /* PortValue(CombinedMode).swift */,
				4ED324822438817400F867FF /* PortInputFormat(Single).swift */,
				4ED32484243881A100F867FF /* PortInputFormat(CombinedMode).swift */,
				4ED324862438833700F867FF /* VirtualPortSetup.swift */,
				4ED324882438834E00F867FF /* PortOutputCommand.swift */,
				4ED3248A2438836D00F867FF /* PortOutputCommandFeedback.swift */,
				4ED3245724387E6400F867FF /* WriteDirectModeData.swift */,
				4ED324382438776B00F867FF /* ViewController.swift */,
				4ED324362438776B00F867FF /* SceneDelegate.swift */,
				4ED3243A2438776B00F867FF /* Main.storyboard */,
				4ED3243D2438777000F867FF /* Assets.xcassets */,
				4ED3243F2438777000F867FF /* LaunchScreen.storyboard */,
				4ED324422438777000F867FF /* Info.plist */,
			);
			path = "Control-Function";
			sourceTree = "<group>";
		};
		4ED3244A2438777000F867FF /* Control-FunctionUITests */ = {
			isa = PBXGroup;
			children = (
				4ED3244B2438777000F867FF /* Control_FunctionUITests.swift */,
				4ED3244D2438777000F867FF /* Info.plist */,
			);
			path = "Control-FunctionUITests";
			sourceTree = "<group>";
		};
/* End PBXGroup section */

/* Begin PBXNativeTarget section */
		4ED324302438776B00F867FF /* Control-Function */ = {
			isa = PBXNativeTarget;
			buildConfigurationList = 4ED324502438777000F867FF /* Build configuration list for PBXNativeTarget "Control-Function" */;
			buildPhases = (
				4ED3242D2438776B00F867FF /* Sources */,
				4ED3242E2438776B00F867FF /* Frameworks */,
				4ED3242F2438776B00F867FF /* Resources */,
			);
			buildRules = (
			);
			dependencies = (
			);
			name = "Control-Function";
			productName = "Control-Function";
			productReference = 4ED324312438776B00F867FF /* Control-Function.app */;
			productType = "com.apple.product-type.application";
		};
		4ED324462438777000F867FF /* Control-FunctionUITests */ = {
			isa = PBXNativeTarget;
			buildConfigurationList = 4ED324532438777000F867FF /* Build configuration list for PBXNativeTarget "Control-FunctionUITests" */;
			buildPhases = (
				4ED324432438777000F867FF /* Sources */,
				4ED324442438777000F867FF /* Frameworks */,
				4ED324452438777000F867FF /* Resources */,
			);
			buildRules = (
			);
			dependencies = (
				4ED324492438777000F867FF /* PBXTargetDependency */,
			);
			name = "Control-FunctionUITests";
			productName = "Control-FunctionUITests";
			productReference = 4ED324472438777000F867FF /* Control-FunctionUITests.xctest */;
			productType = "com.apple.product-type.bundle.ui-testing";
		};
/* End PBXNativeTarget section */

/* Begin PBXProject section */
		4ED324292438776B00F867FF /* Project object */ = {
			isa = PBXProject;
			attributes = {
				LastSwiftUpdateCheck = 1130;
				LastUpgradeCheck = 1130;
				ORGANIZATIONNAME = "森内　映人";
				TargetAttributes = {
					4ED324302438776B00F867FF = {
						CreatedOnToolsVersion = 11.3;
					};
					4ED324462438777000F867FF = {
						CreatedOnToolsVersion = 11.3;
						TestTargetID = 4ED324302438776B00F867FF;
					};
				};
			};
			buildConfigurationList = 4ED3242C2438776B00F867FF /* Build configuration list for PBXProject "Control-Function" */;
			compatibilityVersion = "Xcode 9.3";
			developmentRegion = en;
			hasScannedForEncodings = 0;
			knownRegions = (
				en,
				Base,
			);
			mainGroup = 4ED324282438776B00F867FF;
			productRefGroup = 4ED324322438776B00F867FF /* Products */;
			projectDirPath = "";
			projectRoot = "";
			targets = (
				4ED324302438776B00F867FF /* Control-Function */,
				4ED324462438777000F867FF /* Control-FunctionUITests */,
			);
		};
/* End PBXProject section */

/* Begin PBXResourcesBuildPhase section */
		4ED3242F2438776B00F867FF /* Resources */ = {
			isa = PBXResourcesBuildPhase;
			buildActionMask = 2147483647;
			files = (
				4ED324412438777000F867FF /* LaunchScreen.storyboard in Resources */,
				4ED3243E2438777000F867FF /* Assets.xcassets in Resources */,
				4ED3243C2438776B00F867FF /* Main.storyboard in Resources */,
			);
			runOnlyForDeploymentPostprocessing = 0;
		};
		4ED324452438777000F867FF /* Resources */ = {
			isa = PBXResourcesBuildPhase;
			buildActionMask = 2147483647;
			files = (
			);
			runOnlyForDeploymentPostprocessing = 0;
		};
/* End PBXResourcesBuildPhase section */

/* Begin PBXSourcesBuildPhase section */
		4ED3242D2438776B00F867FF /* Sources */ = {
			isa = PBXSourcesBuildPhase;
			buildActionMask = 2147483647;
			files = (
				4ED3246D24387FE400F867FF /* HubActions.swift in Sources */,
				4ED3246424387E6500F867FF /* BTstructs.swift in Sources */,
				4ED324732438804600F867FF /* GenericErrorMessages.swift in Sources */,
				4ED324392438776B00F867FF /* ViewController.swift in Sources */,
				4ED324352438776B00F867FF /* AppDelegate.swift in Sources */,
				4ED3246F24387FFC00F867FF /* HubAlerts.swift in Sources */,
				4ED324372438776B00F867FF /* SceneDelegate.swift in Sources */,
				4ED3247F2438813400F867FF /* PortValue(Single).swift in Sources */,
				4EBA80A72454074800FC95C4 /* FindHub.swift in Sources */,
				4ED3247B243880F400F867FF /* PortInformation.swift in Sources */,
				4ED3246524387E6500F867FF /* hub_func.swift in Sources */,
				4ED324892438834E00F867FF /* PortOutputCommand.swift in Sources */,
				4ED32479243880D200F867FF /* PortInputFormatSetup(CombinedMode).swift in Sources */,
				4ED3246624387E6500F867FF /* conversion_func.swift in Sources */,
				4ED3247D2438810A00F867FF /* PortModeInformation.swift in Sources */,
				4ED3246B24387FCF00F867FF /* HubProperties.swift in Sources */,
				4ED3246024387E6500F867FF /* motor_func.swift in Sources */,
				4ED32485243881A100F867FF /* PortInputFormat(CombinedMode).swift in Sources */,
				4ED32477243880A900F867FF /* PortInputFormatSetup(Single).swift in Sources */,
				4ED324752438807500F867FF /* PortInformationRequest.swift in Sources */,
				4ED3246324387E6500F867FF /* custom_func.swift in Sources */,
				4ED3246124387E6500F867FF /* WriteDirectModeData.swift in Sources */,
				4ED324712438801B00F867FF /* HubAttatchedIo.swift in Sources */,
				4ED3246224387E6500F867FF /* Port_Information.swift in Sources */,
				4ED324872438833700F867FF /* VirtualPortSetup.swift in Sources */,
				4ED3248B2438836D00F867FF /* PortOutputCommandFeedback.swift in Sources */,
				4ED3246824387E6500F867FF /* Hub_Structs.swift in Sources */,
				4ED3248D2438D43400F867FF /* PortModeInformationRequest.swift in Sources */,
				4ED3246724387E6500F867FF /* Gyro_func.swift in Sources */,
				4ED324812438815000F867FF /* PortValue(CombinedMode).swift in Sources */,
				4ED3246924387E6500F867FF /* FindHub_ViewController.swift in Sources */,
				4ED324832438817400F867FF /* PortInputFormat(Single).swift in Sources */,
			);
			runOnlyForDeploymentPostprocessing = 0;
		};
		4ED324432438777000F867FF /* Sources */ = {
			isa = PBXSourcesBuildPhase;
			buildActionMask = 2147483647;
			files = (
				4ED3244C2438777000F867FF /* Control_FunctionUITests.swift in Sources */,
			);
			runOnlyForDeploymentPostprocessing = 0;
		};
/* End PBXSourcesBuildPhase section */

/* Begin PBXTargetDependency section */
		4ED324492438777000F867FF /* PBXTargetDependency */ = {
			isa = PBXTargetDependency;
			target = 4ED324302438776B00F867FF /* Control-Function */;
			targetProxy = 4ED324482438777000F867FF /* PBXContainerItemProxy */;
		};
/* End PBXTargetDependency section */

/* Begin PBXVariantGroup section */
		4ED3243A2438776B00F867FF /* Main.storyboard */ = {
			isa = PBXVariantGroup;
			children = (
				4ED3243B2438776B00F867FF /* Base */,
			);
			name = Main.storyboard;
			sourceTree = "<group>";
		};
		4ED3243F2438777000F867FF /* LaunchScreen.storyboard */ = {
			isa = PBXVariantGroup;
			children = (
				4ED324402438777000F867FF /* Base */,
			);
			name = LaunchScreen.storyboard;
			sourceTree = "<group>";
		};
/* End PBXVariantGroup section */

/* Begin XCBuildConfiguration section */
		4ED3244E2438777000F867FF /* Debug */ = {
			isa = XCBuildConfiguration;
			buildSettings = {
				ALWAYS_SEARCH_USER_PATHS = NO;
				CLANG_ANALYZER_NONNULL = YES;
				CLANG_ANALYZER_NUMBER_OBJECT_CONVERSION = YES_AGGRESSIVE;
				CLANG_CXX_LANGUAGE_STANDARD = "gnu++14";
				CLANG_CXX_LIBRARY = "libc++";
				CLANG_ENABLE_MODULES = YES;
				CLANG_ENABLE_OBJC_ARC = YES;
				CLANG_ENABLE_OBJC_WEAK = YES;
				CLANG_WARN_BLOCK_CAPTURE_AUTORELEASING = YES;
				CLANG_WARN_BOOL_CONVERSION = YES;
				CLANG_WARN_COMMA = YES;
				CLANG_WARN_CONSTANT_CONVERSION = YES;
				CLANG_WARN_DEPRECATED_OBJC_IMPLEMENTATIONS = YES;
				CLANG_WARN_DIRECT_OBJC_ISA_USAGE = YES_ERROR;
				CLANG_WARN_DOCUMENTATION_COMMENTS = YES;
				CLANG_WARN_EMPTY_BODY = YES;
				CLANG_WARN_ENUM_CONVERSION = YES;
				CLANG_WARN_INFINITE_RECURSION = YES;
				CLANG_WARN_INT_CONVERSION = YES;
				CLANG_WARN_NON_LITERAL_NULL_CONVERSION = YES;
				CLANG_WARN_OBJC_IMPLICIT_RETAIN_SELF = YES;
				CLANG_WARN_OBJC_LITERAL_CONVERSION = YES;
				CLANG_WARN_OBJC_ROOT_CLASS = YES_ERROR;
				CLANG_WARN_RANGE_LOOP_ANALYSIS = YES;
				CLANG_WARN_STRICT_PROTOTYPES = YES;
				CLANG_WARN_SUSPICIOUS_MOVE = YES;
				CLANG_WARN_UNGUARDED_AVAILABILITY = YES_AGGRESSIVE;
				CLANG_WARN_UNREACHABLE_CODE = YES;
				CLANG_WARN__DUPLICATE_METHOD_MATCH = YES;
				COPY_PHASE_STRIP = NO;
				DEBUG_INFORMATION_FORMAT = dwarf;
				ENABLE_STRICT_OBJC_MSGSEND = YES;
				ENABLE_TESTABILITY = YES;
				GCC_C_LANGUAGE_STANDARD = gnu11;
				GCC_DYNAMIC_NO_PIC = NO;
				GCC_NO_COMMON_BLOCKS = YES;
				GCC_OPTIMIZATION_LEVEL = 0;
				GCC_PREPROCESSOR_DEFINITIONS = (
					"DEBUG=1",
					"$(inherited)",
				);
				GCC_WARN_64_TO_32_BIT_CONVERSION = YES;
				GCC_WARN_ABOUT_RETURN_TYPE = YES_ERROR;
				GCC_WARN_UNDECLARED_SELECTOR = YES;
				GCC_WARN_UNINITIALIZED_AUTOS = YES_AGGRESSIVE;
				GCC_WARN_UNUSED_FUNCTION = YES;
				GCC_WARN_UNUSED_VARIABLE = YES;
				IPHONEOS_DEPLOYMENT_TARGET = 13.2;
				MTL_ENABLE_DEBUG_INFO = INCLUDE_SOURCE;
				MTL_FAST_MATH = YES;
				ONLY_ACTIVE_ARCH = YES;
				SDKROOT = iphoneos;
				SWIFT_ACTIVE_COMPILATION_CONDITIONS = DEBUG;
				SWIFT_OPTIMIZATION_LEVEL = "-Onone";
			};
			name = Debug;
		};
		4ED3244F2438777000F867FF /* Release */ = {
			isa = XCBuildConfiguration;
			buildSettings = {
				ALWAYS_SEARCH_USER_PATHS = NO;
				CLANG_ANALYZER_NONNULL = YES;
				CLANG_ANALYZER_NUMBER_OBJECT_CONVERSION = YES_AGGRESSIVE;
				CLANG_CXX_LANGUAGE_STANDARD = "gnu++14";
				CLANG_CXX_LIBRARY = "libc++";
				CLANG_ENABLE_MODULES = YES;
				CLANG_ENABLE_OBJC_ARC = YES;
				CLANG_ENABLE_OBJC_WEAK = YES;
				CLANG_WARN_BLOCK_CAPTURE_AUTORELEASING = YES;
				CLANG_WARN_BOOL_CONVERSION = YES;
				CLANG_WARN_COMMA = YES;
				CLANG_WARN_CONSTANT_CONVERSION = YES;
				CLANG_WARN_DEPRECATED_OBJC_IMPLEMENTATIONS = YES;
				CLANG_WARN_DIRECT_OBJC_ISA_USAGE = YES_ERROR;
				CLANG_WARN_DOCUMENTATION_COMMENTS = YES;
				CLANG_WARN_EMPTY_BODY = YES;
				CLANG_WARN_ENUM_CONVERSION = YES;
				CLANG_WARN_INFINITE_RECURSION = YES;
				CLANG_WARN_INT_CONVERSION = YES;
				CLANG_WARN_NON_LITERAL_NULL_CONVERSION = YES;
				CLANG_WARN_OBJC_IMPLICIT_RETAIN_SELF = YES;
				CLANG_WARN_OBJC_LITERAL_CONVERSION = YES;
				CLANG_WARN_OBJC_ROOT_CLASS = YES_ERROR;
				CLANG_WARN_RANGE_LOOP_ANALYSIS = YES;
				CLANG_WARN_STRICT_PROTOTYPES = YES;
				CLANG_WARN_SUSPICIOUS_MOVE = YES;
				CLANG_WARN_UNGUARDED_AVAILABILITY = YES_AGGRESSIVE;
				CLANG_WARN_UNREACHABLE_CODE = YES;
				CLANG_WARN__DUPLICATE_METHOD_MATCH = YES;
				COPY_PHASE_STRIP = NO;
				DEBUG_INFORMATION_FORMAT = "dwarf-with-dsym";
				ENABLE_NS_ASSERTIONS = NO;
				ENABLE_STRICT_OBJC_MSGSEND = YES;
				GCC_C_LANGUAGE_STANDARD = gnu11;
				GCC_NO_COMMON_BLOCKS = YES;
				GCC_WARN_64_TO_32_BIT_CONVERSION = YES;
				GCC_WARN_ABOUT_RETURN_TYPE = YES_ERROR;
				GCC_WARN_UNDECLARED_SELECTOR = YES;
				GCC_WARN_UNINITIALIZED_AUTOS = YES_AGGRESSIVE;
				GCC_WARN_UNUSED_FUNCTION = YES;
				GCC_WARN_UNUSED_VARIABLE = YES;
				IPHONEOS_DEPLOYMENT_TARGET = 13.2;
				MTL_ENABLE_DEBUG_INFO = NO;
				MTL_FAST_MATH = YES;
				SDKROOT = iphoneos;
				SWIFT_COMPILATION_MODE = wholemodule;
				SWIFT_OPTIMIZATION_LEVEL = "-O";
				VALIDATE_PRODUCT = YES;
			};
			name = Release;
		};
		4ED324512438777000F867FF /* Debug */ = {
			isa = XCBuildConfiguration;
			buildSettings = {
				ASSETCATALOG_COMPILER_APPICON_NAME = AppIcon;
				CODE_SIGN_STYLE = Automatic;
				DEVELOPMENT_TEAM = DG8VYSCKG3;
				INFOPLIST_FILE = "Control-Function/Info.plist";
				LD_RUNPATH_SEARCH_PATHS = (
					"$(inherited)",
					"@executable_path/Frameworks",
				);
				PRODUCT_BUNDLE_IDENTIFIER = "com.01.Control-Function";
				PRODUCT_NAME = "$(TARGET_NAME)";
				SWIFT_VERSION = 5.0;
				TARGETED_DEVICE_FAMILY = "1,2";
			};
			name = Debug;
		};
		4ED324522438777000F867FF /* Release */ = {
			isa = XCBuildConfiguration;
			buildSettings = {
				ASSETCATALOG_COMPILER_APPICON_NAME = AppIcon;
				CODE_SIGN_STYLE = Automatic;
				DEVELOPMENT_TEAM = DG8VYSCKG3;
				INFOPLIST_FILE = "Control-Function/Info.plist";
				LD_RUNPATH_SEARCH_PATHS = (
					"$(inherited)",
					"@executable_path/Frameworks",
				);
				PRODUCT_BUNDLE_IDENTIFIER = "com.01.Control-Function";
				PRODUCT_NAME = "$(TARGET_NAME)";
				SWIFT_VERSION = 5.0;
				TARGETED_DEVICE_FAMILY = "1,2";
			};
			name = Release;
		};
		4ED324542438777000F867FF /* Debug */ = {
			isa = XCBuildConfiguration;
			buildSettings = {
				ALWAYS_EMBED_SWIFT_STANDARD_LIBRARIES = YES;
				CODE_SIGN_STYLE = Automatic;
				DEVELOPMENT_TEAM = DG8VYSCKG3;
				INFOPLIST_FILE = "Control-FunctionUITests/Info.plist";
				LD_RUNPATH_SEARCH_PATHS = (
					"$(inherited)",
					"@executable_path/Frameworks",
					"@loader_path/Frameworks",
				);
				PRODUCT_BUNDLE_IDENTIFIER = "com.01.Control-FunctionUITests";
				PRODUCT_NAME = "$(TARGET_NAME)";
				SWIFT_VERSION = 5.0;
				TARGETED_DEVICE_FAMILY = "1,2";
				TEST_TARGET_NAME = "Control-Function";
			};
			name = Debug;
		};
		4ED324552438777000F867FF /* Release */ = {
			isa = XCBuildConfiguration;
			buildSettings = {
				ALWAYS_EMBED_SWIFT_STANDARD_LIBRARIES = YES;
				CODE_SIGN_STYLE = Automatic;
				DEVELOPMENT_TEAM = DG8VYSCKG3;
				INFOPLIST_FILE = "Control-FunctionUITests/Info.plist";
				LD_RUNPATH_SEARCH_PATHS = (
					"$(inherited)",
					"@executable_path/Frameworks",
					"@loader_path/Frameworks",
				);
				PRODUCT_BUNDLE_IDENTIFIER = "com.01.Control-FunctionUITests";
				PRODUCT_NAME = "$(TARGET_NAME)";
				SWIFT_VERSION = 5.0;
				TARGETED_DEVICE_FAMILY = "1,2";
				TEST_TARGET_NAME = "Control-Function";
			};
			name = Release;
		};
/* End XCBuildConfiguration section */

/* Begin XCConfigurationList section */
		4ED3242C2438776B00F867FF /* Build configuration list for PBXProject "Control-Function" */ = {
			isa = XCConfigurationList;
			buildConfigurations = (
				4ED3244E2438777000F867FF /* Debug */,
				4ED3244F2438777000F867FF /* Release */,
			);
			defaultConfigurationIsVisible = 0;
			defaultConfigurationName = Release;
		};
		4ED324502438777000F867FF /* Build configuration list for PBXNativeTarget "Control-Function" */ = {
			isa = XCConfigurationList;
			buildConfigurations = (
				4ED324512438777000F867FF /* Debug */,
				4ED324522438777000F867FF /* Release */,
			);
			defaultConfigurationIsVisible = 0;
			defaultConfigurationName = Release;
		};
		4ED324532438777000F867FF /* Build configuration list for PBXNativeTarget "Control-FunctionUITests" */ = {
			isa = XCConfigurationList;
			buildConfigurations = (
				4ED324542438777000F867FF /* Debug */,
				4ED324552438777000F867FF /* Release */,
			);
			defaultConfigurationIsVisible = 0;
			defaultConfigurationName = Release;
		};
/* End XCConfigurationList section */
	};
	rootObject = 4ED324292438776B00F867FF /* Project object */;
}
